// !$*UTF8*$!
{
	archiveVersion = 1;
	classes = {
	};
	objectVersion = 46;
	objects = {

/* Begin PBXBuildFile section */
		631AB69D1B8CEB560008D2C6 /* AppDelegate.swift in Sources */ = {isa = PBXBuildFile; fileRef = 631AB69C1B8CEB560008D2C6 /* AppDelegate.swift */; };
		631AB69F1B8CEB560008D2C6 /* ViewController.swift in Sources */ = {isa = PBXBuildFile; fileRef = 631AB69E1B8CEB560008D2C6 /* ViewController.swift */; };
		631AB6A21B8CEB560008D2C6 /* Main.storyboard in Resources */ = {isa = PBXBuildFile; fileRef = 631AB6A01B8CEB560008D2C6 /* Main.storyboard */; };
		631AB6A41B8CEB560008D2C6 /* Images.xcassets in Resources */ = {isa = PBXBuildFile; fileRef = 631AB6A31B8CEB560008D2C6 /* Images.xcassets */; };
		631AB6A71B8CEB560008D2C6 /* LaunchScreen.xib in Resources */ = {isa = PBXBuildFile; fileRef = 631AB6A51B8CEB560008D2C6 /* LaunchScreen.xib */; };
		631AB6BD1B8D12410008D2C6 /* Runner.swift in Sources */ = {isa = PBXBuildFile; fileRef = 631AB6BC1B8D12410008D2C6 /* Runner.swift */; };
		631AB6BF1B8D17900008D2C6 /* RunnerList.swift in Sources */ = {isa = PBXBuildFile; fileRef = 631AB6BE1B8D17900008D2C6 /* RunnerList.swift */; };
		631AB6C11B8D17AF0008D2C6 /* RLFileManager.swift in Sources */ = {isa = PBXBuildFile; fileRef = 631AB6C01B8D17AF0008D2C6 /* RLFileManager.swift */; };
		631AB6C31B8DA8D10008D2C6 /* RunnerErrors.swift in Sources */ = {isa = PBXBuildFile; fileRef = 631AB6C21B8DA8D10008D2C6 /* RunnerErrors.swift */; };
		638CE48E1B9068AE0049BE28 /* RunnerTextField.swift in Sources */ = {isa = PBXBuildFile; fileRef = 638CE48D1B9068AE0049BE28 /* RunnerTextField.swift */; };
/* End PBXBuildFile section */

/* Begin PBXFileReference section */
		631AB6971B8CEB560008D2C6 /* Runner Lookup.app */ = {isa = PBXFileReference; explicitFileType = wrapper.application; includeInIndex = 0; path = "Runner Lookup.app"; sourceTree = BUILT_PRODUCTS_DIR; };
		631AB69B1B8CEB560008D2C6 /* Info.plist */ = {isa = PBXFileReference; lastKnownFileType = text.plist.xml; path = Info.plist; sourceTree = "<group>"; };
		631AB69C1B8CEB560008D2C6 /* AppDelegate.swift */ = {isa = PBXFileReference; lastKnownFileType = sourcecode.swift; path = AppDelegate.swift; sourceTree = "<group>"; };
		631AB69E1B8CEB560008D2C6 /* ViewController.swift */ = {isa = PBXFileReference; lastKnownFileType = sourcecode.swift; path = ViewController.swift; sourceTree = "<group>"; };
		631AB6A11B8CEB560008D2C6 /* Base */ = {isa = PBXFileReference; lastKnownFileType = file.storyboard; name = Base; path = Base.lproj/Main.storyboard; sourceTree = "<group>"; };
		631AB6A31B8CEB560008D2C6 /* Images.xcassets */ = {isa = PBXFileReference; lastKnownFileType = folder.assetcatalog; path = Images.xcassets; sourceTree = "<group>"; };
		631AB6A61B8CEB560008D2C6 /* Base */ = {isa = PBXFileReference; lastKnownFileType = file.xib; name = Base; path = Base.lproj/LaunchScreen.xib; sourceTree = "<group>"; };
		631AB6BC1B8D12410008D2C6 /* Runner.swift */ = {isa = PBXFileReference; fileEncoding = 4; lastKnownFileType = sourcecode.swift; path = Runner.swift; sourceTree = "<group>"; };
		631AB6BE1B8D17900008D2C6 /* RunnerList.swift */ = {isa = PBXFileReference; fileEncoding = 4; lastKnownFileType = sourcecode.swift; path = RunnerList.swift; sourceTree = "<group>"; };
		631AB6C01B8D17AF0008D2C6 /* RLFileManager.swift */ = {isa = PBXFileReference; fileEncoding = 4; lastKnownFileType = sourcecode.swift; path = RLFileManager.swift; sourceTree = "<group>"; };
		631AB6C21B8DA8D10008D2C6 /* RunnerErrors.swift */ = {isa = PBXFileReference; fileEncoding = 4; lastKnownFileType = sourcecode.swift; path = RunnerErrors.swift; sourceTree = "<group>"; };
		638CE48D1B9068AE0049BE28 /* RunnerTextField.swift */ = {isa = PBXFileReference; fileEncoding = 4; lastKnownFileType = sourcecode.swift; path = RunnerTextField.swift; sourceTree = "<group>"; };
/* End PBXFileReference section */

/* Begin PBXFrameworksBuildPhase section */
		631AB6941B8CEB560008D2C6 /* Frameworks */ = {
			isa = PBXFrameworksBuildPhase;
			buildActionMask = 2147483647;
			files = (
			);
			runOnlyForDeploymentPostprocessing = 0;
		};
/* End PBXFrameworksBuildPhase section */

/* Begin PBXGroup section */
		631AB68E1B8CEB560008D2C6 = {
			isa = PBXGroup;
			children = (
				631AB6991B8CEB560008D2C6 /* Runner Lookup */,
				631AB6981B8CEB560008D2C6 /* Products */,
			);
			sourceTree = "<group>";
		};
		631AB6981B8CEB560008D2C6 /* Products */ = {
			isa = PBXGroup;
			children = (
				631AB6971B8CEB560008D2C6 /* Runner Lookup.app */,
			);
			name = Products;
			sourceTree = "<group>";
		};
		631AB6991B8CEB560008D2C6 /* Runner Lookup */ = {
			isa = PBXGroup;
			children = (
				631AB69C1B8CEB560008D2C6 /* AppDelegate.swift */,
				631AB69E1B8CEB560008D2C6 /* ViewController.swift */,
				631AB6BC1B8D12410008D2C6 /* Runner.swift */,
				631AB6BE1B8D17900008D2C6 /* RunnerList.swift */,
				631AB6C01B8D17AF0008D2C6 /* RLFileManager.swift */,
				631AB6C21B8DA8D10008D2C6 /* RunnerErrors.swift */,
				638CE48D1B9068AE0049BE28 /* RunnerTextField.swift */,
				631AB6A01B8CEB560008D2C6 /* Main.storyboard */,
				631AB6A31B8CEB560008D2C6 /* Images.xcassets */,
				631AB6A51B8CEB560008D2C6 /* LaunchScreen.xib */,
				631AB69A1B8CEB560008D2C6 /* Supporting Files */,
			);
			path = "Runner Lookup";
			sourceTree = "<group>";
		};
		631AB69A1B8CEB560008D2C6 /* Supporting Files */ = {
			isa = PBXGroup;
			children = (
				631AB69B1B8CEB560008D2C6 /* Info.plist */,
			);
			name = "Supporting Files";
			sourceTree = "<group>";
		};
/* End PBXGroup section */

/* Begin PBXNativeTarget section */
		631AB6961B8CEB560008D2C6 /* Runner Lookup */ = {
			isa = PBXNativeTarget;
			buildConfigurationList = 631AB6B61B8CEB560008D2C6 /* Build configuration list for PBXNativeTarget "Runner Lookup" */;
			buildPhases = (
				631AB6931B8CEB560008D2C6 /* Sources */,
				631AB6941B8CEB560008D2C6 /* Frameworks */,
				631AB6951B8CEB560008D2C6 /* Resources */,
			);
			buildRules = (
			);
			dependencies = (
			);
			name = "Runner Lookup";
			productName = "Runner Lookup";
			productReference = 631AB6971B8CEB560008D2C6 /* Runner Lookup.app */;
			productType = "com.apple.product-type.application";
		};
/* End PBXNativeTarget section */

/* Begin PBXProject section */
		631AB68F1B8CEB560008D2C6 /* Project object */ = {
			isa = PBXProject;
			attributes = {
				LastSwiftUpdateCheck = 0700;
				LastUpgradeCheck = 0940;
				ORGANIZATIONNAME = "David Somen";
				TargetAttributes = {
					631AB6961B8CEB560008D2C6 = {
						CreatedOnToolsVersion = 6.4;
						DevelopmentTeam = TBSTK984R6;
						LastSwiftMigration = 0940;
						SystemCapabilities = {
							com.apple.iCloud = {
								enabled = 0;
							};
						};
					};
				};
			};
			buildConfigurationList = 631AB6921B8CEB560008D2C6 /* Build configuration list for PBXProject "Runner Lookup" */;
			compatibilityVersion = "Xcode 3.2";
			developmentRegion = English;
			hasScannedForEncodings = 0;
			knownRegions = (
				en,
				Base,
			);
			mainGroup = 631AB68E1B8CEB560008D2C6;
			productRefGroup = 631AB6981B8CEB560008D2C6 /* Products */;
			projectDirPath = "";
			projectRoot = "";
			targets = (
				631AB6961B8CEB560008D2C6 /* Runner Lookup */,
			);
		};
/* End PBXProject section */

/* Begin PBXResourcesBuildPhase section */
		631AB6951B8CEB560008D2C6 /* Resources */ = {
			isa = PBXResourcesBuildPhase;
			buildActionMask = 2147483647;
			files = (
				631AB6A21B8CEB560008D2C6 /* Main.storyboard in Resources */,
				631AB6A71B8CEB560008D2C6 /* LaunchScreen.xib in Resources */,
				631AB6A41B8CEB560008D2C6 /* Images.xcassets in Resources */,
			);
			runOnlyForDeploymentPostprocessing = 0;
		};
/* End PBXResourcesBuildPhase section */

/* Begin PBXSourcesBuildPhase section */
		631AB6931B8CEB560008D2C6 /* Sources */ = {
			isa = PBXSourcesBuildPhase;
			buildActionMask = 2147483647;
			files = (
				631AB6BD1B8D12410008D2C6 /* Runner.swift in Sources */,
				631AB6C11B8D17AF0008D2C6 /* RLFileManager.swift in Sources */,
				631AB6C31B8DA8D10008D2C6 /* RunnerErrors.swift in Sources */,
				638CE48E1B9068AE0049BE28 /* RunnerTextField.swift in Sources */,
				631AB69F1B8CEB560008D2C6 /* ViewController.swift in Sources */,
				631AB69D1B8CEB560008D2C6 /* AppDelegate.swift in Sources */,
				631AB6BF1B8D17900008D2C6 /* RunnerList.swift in Sources */,
			);
			runOnlyForDeploymentPostprocessing = 0;
		};
/* End PBXSourcesBuildPhase section */

/* Begin PBXVariantGroup section */
		631AB6A01B8CEB560008D2C6 /* Main.storyboard */ = {
			isa = PBXVariantGroup;
			children = (
				631AB6A11B8CEB560008D2C6 /* Base */,
			);
			name = Main.storyboard;
			sourceTree = "<group>";
		};
		631AB6A51B8CEB560008D2C6 /* LaunchScreen.xib */ = {
			isa = PBXVariantGroup;
			children = (
				631AB6A61B8CEB560008D2C6 /* Base */,
			);
			name = LaunchScreen.xib;
			sourceTree = "<group>";
		};
/* End PBXVariantGroup section */

/* Begin XCBuildConfiguration section */
		631AB6B41B8CEB560008D2C6 /* Debug */ = {
			isa = XCBuildConfiguration;
			buildSettings = {
				ALWAYS_SEARCH_USER_PATHS = NO;
				CLANG_CXX_LANGUAGE_STANDARD = "gnu++0x";
				CLANG_CXX_LIBRARY = "libc++";
				CLANG_ENABLE_MODULES = YES;
				CLANG_ENABLE_OBJC_ARC = YES;
				CLANG_WARN_BLOCK_CAPTURE_AUTORELEASING = YES;
				CLANG_WARN_BOOL_CONVERSION = YES;
				CLANG_WARN_COMMA = YES;
				CLANG_WARN_CONSTANT_CONVERSION = YES;
				CLANG_WARN_DEPRECATED_OBJC_IMPLEMENTATIONS = YES;
				CLANG_WARN_DIRECT_OBJC_ISA_USAGE = YES_ERROR;
				CLANG_WARN_EMPTY_BODY = YES;
				CLANG_WARN_ENUM_CONVERSION = YES;
				CLANG_WARN_INFINITE_RECURSION = YES;
				CLANG_WARN_INT_CONVERSION = YES;
				CLANG_WARN_NON_LITERAL_NULL_CONVERSION = YES;
				CLANG_WARN_OBJC_IMPLICIT_RETAIN_SELF = YES;
				CLANG_WARN_OBJC_LITERAL_CONVERSION = YES;
				CLANG_WARN_OBJC_ROOT_CLASS = YES_ERROR;
				CLANG_WARN_RANGE_LOOP_ANALYSIS = YES;
				CLANG_WARN_STRICT_PROTOTYPES = YES;
				CLANG_WARN_SUSPICIOUS_MOVE = YES;
				CLANG_WARN_UNREACHABLE_CODE = YES;
				CLANG_WARN__DUPLICATE_METHOD_MATCH = YES;
				"CODE_SIGN_IDENTITY[sdk=iphoneos*]" = "iPhone Developer";
				COPY_PHASE_STRIP = NO;
				DEBUG_INFORMATION_FORMAT = "dwarf-with-dsym";
				ENABLE_STRICT_OBJC_MSGSEND = YES;
				ENABLE_TESTABILITY = YES;
				GCC_C_LANGUAGE_STANDARD = gnu99;
				GCC_DYNAMIC_NO_PIC = NO;
				GCC_NO_COMMON_BLOCKS = YES;
				GCC_OPTIMIZATION_LEVEL = 0;
				GCC_PREPROCESSOR_DEFINITIONS = (
					"DEBUG=1",
					"$(inherited)",
				);
				GCC_SYMBOLS_PRIVATE_EXTERN = NO;
				GCC_WARN_64_TO_32_BIT_CONVERSION = YES;
				GCC_WARN_ABOUT_RETURN_TYPE = YES_ERROR;
				GCC_WARN_UNDECLARED_SELECTOR = YES;
				GCC_WARN_UNINITIALIZED_AUTOS = YES_AGGRESSIVE;
				GCC_WARN_UNUSED_FUNCTION = YES;
				GCC_WARN_UNUSED_VARIABLE = YES;
				IPHONEOS_DEPLOYMENT_TARGET = 10.3;
				MTL_ENABLE_DEBUG_INFO = YES;
				ONLY_ACTIVE_ARCH = YES;
				SDKROOT = iphoneos;
				SWIFT_OPTIMIZATION_LEVEL = "-Onone";
				TARGETED_DEVICE_FAMILY = "1,2";
			};
			name = Debug;
		};
		631AB6B51B8CEB560008D2C6 /* Release */ = {
			isa = XCBuildConfiguration;
			buildSettings = {
				ALWAYS_SEARCH_USER_PATHS = NO;
				CLANG_CXX_LANGUAGE_STANDARD = "gnu++0x";
				CLANG_CXX_LIBRARY = "libc++";
				CLANG_ENABLE_MODULES = YES;
				CLANG_ENABLE_OBJC_ARC = YES;
				CLANG_WARN_BLOCK_CAPTURE_AUTORELEASING = YES;
				CLANG_WARN_BOOL_CONVERSION = YES;
				CLANG_WARN_COMMA = YES;
				CLANG_WARN_CONSTANT_CONVERSION = YES;
				CLANG_WARN_DEPRECATED_OBJC_IMPLEMENTATIONS = YES;
				CLANG_WARN_DIRECT_OBJC_ISA_USAGE = YES_ERROR;
				CLANG_WARN_EMPTY_BODY = YES;
				CLANG_WARN_ENUM_CONVERSION = YES;
				CLANG_WARN_INFINITE_RECURSION = YES;
				CLANG_WARN_INT_CONVERSION = YES;
				CLANG_WARN_NON_LITERAL_NULL_CONVERSION = YES;
				CLANG_WARN_OBJC_IMPLICIT_RETAIN_SELF = YES;
				CLANG_WARN_OBJC_LITERAL_CONVERSION = YES;
				CLANG_WARN_OBJC_ROOT_CLASS = YES_ERROR;
				CLANG_WARN_RANGE_LOOP_ANALYSIS = YES;
				CLANG_WARN_STRICT_PROTOTYPES = YES;
				CLANG_WARN_SUSPICIOUS_MOVE = YES;
				CLANG_WARN_UNREACHABLE_CODE = YES;
				CLANG_WARN__DUPLICATE_METHOD_MATCH = YES;
				"CODE_SIGN_IDENTITY[sdk=iphoneos*]" = "iPhone Developer";
				COPY_PHASE_STRIP = NO;
				DEBUG_INFORMATION_FORMAT = "dwarf-with-dsym";
				ENABLE_NS_ASSERTIONS = NO;
				ENABLE_STRICT_OBJC_MSGSEND = YES;
				GCC_C_LANGUAGE_STANDARD = gnu99;
				GCC_NO_COMMON_BLOCKS = YES;
				GCC_WARN_64_TO_32_BIT_CONVERSION = YES;
				GCC_WARN_ABOUT_RETURN_TYPE = YES_ERROR;
				GCC_WARN_UNDECLARED_SELECTOR = YES;
				GCC_WARN_UNINITIALIZED_AUTOS = YES_AGGRESSIVE;
				GCC_WARN_UNUSED_FUNCTION = YES;
				GCC_WARN_UNUSED_VARIABLE = YES;
				IPHONEOS_DEPLOYMENT_TARGET = 10.3;
				MTL_ENABLE_DEBUG_INFO = NO;
				SDKROOT = iphoneos;
				SWIFT_OPTIMIZATION_LEVEL = "-Owholemodule";
				TARGETED_DEVICE_FAMILY = "1,2";
				VALIDATE_PRODUCT = YES;
			};
			name = Release;
		};
		631AB6B71B8CEB560008D2C6 /* Debug */ = {
			isa = XCBuildConfiguration;
			buildSettings = {
				ASSETCATALOG_COMPILER_APPICON_NAME = AppIcon;
				CODE_SIGN_IDENTITY = "iPhone Developer";
				"CODE_SIGN_IDENTITY[sdk=iphoneos*]" = "iPhone Developer";
				INFOPLIST_FILE = "Runner Lookup/Info.plist";
				IPHONEOS_DEPLOYMENT_TARGET = 11.4;
				LD_RUNPATH_SEARCH_PATHS = "$(inherited) @executable_path/Frameworks";
				PRODUCT_BUNDLE_IDENTIFIER = "com.david-somen.$(PRODUCT_NAME:rfc1034identifier)";
				PRODUCT_NAME = "$(TARGET_NAME)";
				PROVISIONING_PROFILE = "";
				SWIFT_SWIFT3_OBJC_INFERENCE = Default;
				SWIFT_VERSION = 4.0;
			};
			name = Debug;
		};
		631AB6B81B8CEB560008D2C6 /* Release */ = {
			isa = XCBuildConfiguration;
			buildSettings = {
				ASSETCATALOG_COMPILER_APPICON_NAME = AppIcon;
				CODE_SIGN_IDENTITY = "iPhone Developer";
				"CODE_SIGN_IDENTITY[sdk=iphoneos*]" = "iPhone Developer";
				INFOPLIST_FILE = "Runner Lookup/Info.plist";
				IPHONEOS_DEPLOYMENT_TARGET = 11.4;
				LD_RUNPATH_SEARCH_PATHS = "$(inherited) @executable_path/Frameworks";
				PRODUCT_BUNDLE_IDENTIFIER = "com.david-somen.$(PRODUCT_NAME:rfc1034identifier)";
				PRODUCT_NAME = "$(TARGET_NAME)";
				PROVISIONING_PROFILE = "";
				SWIFT_SWIFT3_OBJC_INFERENCE = Default;
				SWIFT_VERSION = 4.0;
			};
			name = Release;
		};
/* End XCBuildConfiguration section */

/* Begin XCConfigurationList section */
		631AB6921B8CEB560008D2C6 /* Build configuration list for PBXProject "Runner Lookup" */ = {
			isa = XCConfigurationList;
			buildConfigurations = (
				631AB6B41B8CEB560008D2C6 /* Debug */,
				631AB6B51B8CEB560008D2C6 /* Release */,
			);
			defaultConfigurationIsVisible = 0;
			defaultConfigurationName = Release;
		};
		631AB6B61B8CEB560008D2C6 /* Build configuration list for PBXNativeTarget "Runner Lookup" */ = {
			isa = XCConfigurationList;
			buildConfigurations = (
				631AB6B71B8CEB560008D2C6 /* Debug */,
				631AB6B81B8CEB560008D2C6 /* Release */,
			);
			defaultConfigurationIsVisible = 0;
			defaultConfigurationName = Release;
		};
/* End XCConfigurationList section */
	};
	rootObject = 631AB68F1B8CEB560008D2C6 /* Project object */;
}
